
Microsoft Visual Studio Solution File, Format Version 12.00
# Visual Studio 14
VisualStudioVersion = 14.0.25420.1
MinimumVisualStudioVersion = 10.0.40219.1
Project("{8BC9CEB8-8B4A-11D0-8D11-00A0C91BC942}") = "timer_test", "timer_test\timer_test.vcxproj", "{B892579D-4821-44B1-9891-6BBA2C81E5E9}"
EndProject
Project("{8BC9CEB8-8B4A-11D0-8D11-00A0C91BC942}") = "progress_timer", "progress_timer\progress_timer.vcxproj", "{CD01AF0D-31E6-4D89-9FE6-7DA4FB3FB7BD}"
EndProject
Project("{8BC9CEB8-8B4A-11D0-8D11-00A0C91BC942}") = "progress_display", "progress_display\progress_display.vcxproj", "{DC955CFF-413E-43CA-BA8E-2E3D771BB0E0}"
EndProject
Project("{8BC9CEB8-8B4A-11D0-8D11-00A0C91BC942}") = "p_time", "p_time\p_time.vcxproj", "{06D4DFD4-340D-42B5-B2FC-065DD30D7480}"
EndProject
Project("{8BC9CEB8-8B4A-11D0-8D11-00A0C91BC942}") = "scoped_ptr", "scoped_ptr\scoped_ptr.vcxproj", "{334F817B-7B1A-4E87-8A97-077ABE170389}"
EndProject
Project("{8BC9CEB8-8B4A-11D0-8D11-00A0C91BC942}") = "scoped_array", "scoped_array\scoped_array.vcxproj", "{510EF78B-C3E2-4411-8EBD-138C0189D12D}"
EndProject
Project("{8BC9CEB8-8B4A-11D0-8D11-00A0C91BC942}") = "shared_ptr", "shared_ptr\shared_ptr.vcxproj", "{84EFAEF9-BE19-4B99-80C0-F6386773FA65}"
EndProject
Project("{8BC9CEB8-8B4A-11D0-8D11-00A0C91BC942}") = "make_shared", "make_shared\make_shared.vcxproj", "{A847F383-74C3-4AC7-B468-CB97DC42A4F5}"
EndProject
Project("{8BC9CEB8-8B4A-11D0-8D11-00A0C91BC942}") = "pimpl", "pimpl\pimpl.vcxproj", "{3804EEB4-E762-428C-A6CD-274F9DCD8AAE}"
EndProject
Project("{8BC9CEB8-8B4A-11D0-8D11-00A0C91BC942}") = "Factory_mode", "Factory_mode\Factory_mode.vcxproj", "{7F1BD050-BD7D-46F4-AB40-362A6753B11B}"
EndProject
Project("{8BC9CEB8-8B4A-11D0-8D11-00A0C91BC942}") = "shared_array", "shared_array\shared_array.vcxproj", "{17FBF379-E1C6-4590-BBE5-D76AD98CF2BA}"
EndProject
Project("{8BC9CEB8-8B4A-11D0-8D11-00A0C91BC942}") = "weak_ptr", "weak_ptr\weak_ptr.vcxproj", "{123CFCD5-FDAC-4F66-9FBA-990B74577409}"
EndProject
Project("{8BC9CEB8-8B4A-11D0-8D11-00A0C91BC942}") = "shared_from_this", "shared_from_this\shared_from_this.vcxproj", "{937F0042-99CC-4792-BF95-051CAA6128D1}"
EndProject
Project("{8BC9CEB8-8B4A-11D0-8D11-00A0C91BC942}") = "pool", "pool\pool.vcxproj", "{4648C71A-31F3-4156-AA6F-E69BB3D284B2}"
EndProject
Project("{8BC9CEB8-8B4A-11D0-8D11-00A0C91BC942}") = "object_pool", "object_pool\object_pool.vcxproj", "{9343B8AB-5A43-4B41-928D-45F91E5F1A34}"
EndProject
Project("{8BC9CEB8-8B4A-11D0-8D11-00A0C91BC942}") = "singleton_pool", "singleton_pool\singleton_pool.vcxproj", "{46A6EA27-9031-4F72-B9ED-4365086F1919}"
EndProject
Project("{8BC9CEB8-8B4A-11D0-8D11-00A0C91BC942}") = "pool_alloc", "pool_alloc\pool_alloc.vcxproj", "{5B7EDA28-4E67-450E-8E25-07A6A73B17C3}"
EndProject
Project("{8BC9CEB8-8B4A-11D0-8D11-00A0C91BC942}") = "noncopyable", "noncopyable\noncopyable.vcxproj", "{4F67823B-CCD4-4823-90E4-350F11B63561}"
EndProject
Project("{8BC9CEB8-8B4A-11D0-8D11-00A0C91BC942}") = "assign", "assign\assign.vcxproj", "{CCA1291D-C4D2-437A-93FC-583FC00EDD2E}"
EndProject
Project("{8BC9CEB8-8B4A-11D0-8D11-00A0C91BC942}") = "swap", "swap\swap.vcxproj", "{D6AB9F65-CD09-4697-814C-14FC9193ABF4}"
EndProject
Project("{8BC9CEB8-8B4A-11D0-8D11-00A0C91BC942}") = "public", "public\public.vcxproj", "{FA73C939-1683-435C-8CB7-FBCD24166A74}"
EndProject
Project("{8BC9CEB8-8B4A-11D0-8D11-00A0C91BC942}") = "uuid", "uuid\uuid.vcxproj", "{0B54C547-218E-4A7F-AC9F-7EBA3B327EC3}"
EndProject
Project("{8BC9CEB8-8B4A-11D0-8D11-00A0C91BC942}") = "sha1", "sha1\sha1.vcxproj", "{CF91EB36-CEEE-43C4-8030-0EF29172ED73}"
EndProject
Project("{8BC9CEB8-8B4A-11D0-8D11-00A0C91BC942}") = "lexcical_cast", "lexcical_cast\lexcical_cast.vcxproj", "{CC74BD5D-28DB-4B44-8B40-5616D4912A19}"
EndProject
Project("{8BC9CEB8-8B4A-11D0-8D11-00A0C91BC942}") = "fomat", "fomat\fomat.vcxproj", "{3B838022-FB2F-4760-AAE4-C5F57E0E6E30}"
EndProject
Project("{8BC9CEB8-8B4A-11D0-8D11-00A0C91BC942}") = "string_algo", "string_algo\string_algo.vcxproj", "{B9EF2FD6-AE92-42DE-9943-08DAE1DEA14D}"
EndProject
Project("{8BC9CEB8-8B4A-11D0-8D11-00A0C91BC942}") = "tokenizer", "tokenizer\tokenizer.vcxproj", "{F2927352-D348-4E37-8278-A6E9627FCBAA}"
EndProject
Project("{8BC9CEB8-8B4A-11D0-8D11-00A0C91BC942}") = "xpressive", "xpressive\xpressive.vcxproj", "{A6957E46-067A-495E-9E01-4B2AE497BDB6}"
EndProject
Project("{8BC9CEB8-8B4A-11D0-8D11-00A0C91BC942}") = "assert", "assert\assert.vcxproj", "{9DAAFA46-A990-4844-86AB-B619AC60D87D}"
EndProject
Project("{8BC9CEB8-8B4A-11D0-8D11-00A0C91BC942}") = "dynamic_bitset", "dynamic_bitset\dynamic_bitset.vcxproj", "{65DD3DCA-A7F7-41A2-9617-B5583B643971}"
EndProject
Project("{8BC9CEB8-8B4A-11D0-8D11-00A0C91BC942}") = "unordered", "unordered\unordered.vcxproj", "{37B998A4-5359-424D-BBC1-0516BBBF84EA}"
EndProject
Project("{8BC9CEB8-8B4A-11D0-8D11-00A0C91BC942}") = "bimap", "bimap\bimap.vcxproj", "{1A635DC8-4162-4709-AFEB-6859B02BDEA7}"
EndProject
Project("{8BC9CEB8-8B4A-11D0-8D11-00A0C91BC942}") = "circular_buffer", "circular_buffer\circular_buffer.vcxproj", "{427698C8-C712-409A-B577-6F9511D89BE1}"
EndProject
Project("{8BC9CEB8-8B4A-11D0-8D11-00A0C91BC942}") = "tuple", "tuple\tuple.vcxproj", "{5243EDC0-B681-453E-9C56-1C6D966D0025}"
EndProject
Project("{8BC9CEB8-8B4A-11D0-8D11-00A0C91BC942}") = "thread", "thread\thread.vcxproj", "{F63B080C-D878-4708-8975-EBF15F855155}"
EndProject
Project("{8BC9CEB8-8B4A-11D0-8D11-00A0C91BC942}") = "ref", "ref\ref.vcxproj", "{D8D93EE1-7832-4CC6-9CD0-3F75E166DCBE}"
EndProject
Project("{8BC9CEB8-8B4A-11D0-8D11-00A0C91BC942}") = "bind", "bind\bind.vcxproj", "{96FF1142-6342-4D1C-A16F-3334D3196563}"
EndProject
Project("{8BC9CEB8-8B4A-11D0-8D11-00A0C91BC942}") = "function", "function\function.vcxproj", "{EC792B05-0479-4B36-A203-2D32C6DC7293}"
EndProject
Project("{8BC9CEB8-8B4A-11D0-8D11-00A0C91BC942}") = "condition", "condition\condition.vcxproj", "{18C1A7A7-8F79-49EA-8361-5FDB331742E9}"
EndProject
Project("{8BC9CEB8-8B4A-11D0-8D11-00A0C91BC942}") = "share_mutex", "share_mutex\share_mutex.vcxproj", "{36BBE935-ABB5-4717-B573-3CCAA8624CB0}"
EndProject
Project("{8BC9CEB8-8B4A-11D0-8D11-00A0C91BC942}") = "future", "future\future.vcxproj", "{AB87F726-9342-4151-A8BB-B29BA2BFB877}"
EndProject
Project("{8BC9CEB8-8B4A-11D0-8D11-00A0C91BC942}") = "deadline_timer", "deadline_timer\deadline_timer.vcxproj", "{D00D99BA-79EE-4298-A1B5-B5F5DBF19C89}"
EndProject
Project("{8BC9CEB8-8B4A-11D0-8D11-00A0C91BC942}") = "server", "server\server.vcxproj", "{847A0CDD-4CCD-4E13-A2CB-9F9DE559EDFD}"
EndProject
Project("{8BC9CEB8-8B4A-11D0-8D11-00A0C91BC942}") = "client", "client\client.vcxproj", "{252941BB-4EDE-4EF4-8778-C2C1F4514773}"
EndProject
Project("{8BC9CEB8-8B4A-11D0-8D11-00A0C91BC942}") = "asio_server", "asio_server\asio_server.vcxproj", "{BF0CC476-0754-4E3D-B86F-94FBF6E5251F}"
EndProject
Project("{8BC9CEB8-8B4A-11D0-8D11-00A0C91BC942}") = "asio_client", "asio_client\asio_client.vcxproj", "{C4FF4EBC-39F2-4F8A-AB8E-9FEE778D92EB}"
EndProject
Project("{8BC9CEB8-8B4A-11D0-8D11-00A0C91BC942}") = "filesystem", "filesystem\filesystem.vcxproj", "{24CC8157-DDFE-4218-B898-B2926EF5AFC9}"
EndProject
Project("{8BC9CEB8-8B4A-11D0-8D11-00A0C91BC942}") = "date", "date\date.vcxproj", "{6B4E5191-96EF-4A72-A921-63FB91ABD4E6}"
EndProject
Project("{8BC9CEB8-8B4A-11D0-8D11-00A0C91BC942}") = "time", "time\time.vcxproj", "{E4D8D922-2CCB-4594-B973-AF54D84CA94F}"
EndProject
Global
	GlobalSection(SolutionConfigurationPlatforms) = preSolution
		Debug|x64 = Debug|x64
		Debug|x86 = Debug|x86
		Release|x64 = Release|x64
		Release|x86 = Release|x86
	EndGlobalSection
	GlobalSection(ProjectConfigurationPlatforms) = postSolution
		{B892579D-4821-44B1-9891-6BBA2C81E5E9}.Debug|x64.ActiveCfg = Debug|x64
		{B892579D-4821-44B1-9891-6BBA2C81E5E9}.Debug|x64.Build.0 = Debug|x64
		{B892579D-4821-44B1-9891-6BBA2C81E5E9}.Debug|x86.ActiveCfg = Debug|Win32
		{B892579D-4821-44B1-9891-6BBA2C81E5E9}.Debug|x86.Build.0 = Debug|Win32
		{B892579D-4821-44B1-9891-6BBA2C81E5E9}.Release|x64.ActiveCfg = Release|x64
		{B892579D-4821-44B1-9891-6BBA2C81E5E9}.Release|x64.Build.0 = Release|x64
		{B892579D-4821-44B1-9891-6BBA2C81E5E9}.Release|x86.ActiveCfg = Release|Win32
		{B892579D-4821-44B1-9891-6BBA2C81E5E9}.Release|x86.Build.0 = Release|Win32
		{CD01AF0D-31E6-4D89-9FE6-7DA4FB3FB7BD}.Debug|x64.ActiveCfg = Debug|x64
		{CD01AF0D-31E6-4D89-9FE6-7DA4FB3FB7BD}.Debug|x64.Build.0 = Debug|x64
		{CD01AF0D-31E6-4D89-9FE6-7DA4FB3FB7BD}.Debug|x86.ActiveCfg = Debug|Win32
		{CD01AF0D-31E6-4D89-9FE6-7DA4FB3FB7BD}.Debug|x86.Build.0 = Debug|Win32
		{CD01AF0D-31E6-4D89-9FE6-7DA4FB3FB7BD}.Release|x64.ActiveCfg = Release|x64
		{CD01AF0D-31E6-4D89-9FE6-7DA4FB3FB7BD}.Release|x64.Build.0 = Release|x64
		{CD01AF0D-31E6-4D89-9FE6-7DA4FB3FB7BD}.Release|x86.ActiveCfg = Release|Win32
		{CD01AF0D-31E6-4D89-9FE6-7DA4FB3FB7BD}.Release|x86.Build.0 = Release|Win32
		{DC955CFF-413E-43CA-BA8E-2E3D771BB0E0}.Debug|x64.ActiveCfg = Debug|x64
		{DC955CFF-413E-43CA-BA8E-2E3D771BB0E0}.Debug|x64.Build.0 = Debug|x64
		{DC955CFF-413E-43CA-BA8E-2E3D771BB0E0}.Debug|x86.ActiveCfg = Debug|Win32
		{DC955CFF-413E-43CA-BA8E-2E3D771BB0E0}.Debug|x86.Build.0 = Debug|Win32
		{DC955CFF-413E-43CA-BA8E-2E3D771BB0E0}.Release|x64.ActiveCfg = Release|x64
		{DC955CFF-413E-43CA-BA8E-2E3D771BB0E0}.Release|x64.Build.0 = Release|x64
		{DC955CFF-413E-43CA-BA8E-2E3D771BB0E0}.Release|x86.ActiveCfg = Release|Win32
		{DC955CFF-413E-43CA-BA8E-2E3D771BB0E0}.Release|x86.Build.0 = Release|Win32
		{06D4DFD4-340D-42B5-B2FC-065DD30D7480}.Debug|x64.ActiveCfg = Debug|x64
		{06D4DFD4-340D-42B5-B2FC-065DD30D7480}.Debug|x64.Build.0 = Debug|x64
		{06D4DFD4-340D-42B5-B2FC-065DD30D7480}.Debug|x86.ActiveCfg = Debug|Win32
		{06D4DFD4-340D-42B5-B2FC-065DD30D7480}.Debug|x86.Build.0 = Debug|Win32
		{06D4DFD4-340D-42B5-B2FC-065DD30D7480}.Release|x64.ActiveCfg = Release|x64
		{06D4DFD4-340D-42B5-B2FC-065DD30D7480}.Release|x64.Build.0 = Release|x64
		{06D4DFD4-340D-42B5-B2FC-065DD30D7480}.Release|x86.ActiveCfg = Release|Win32
		{06D4DFD4-340D-42B5-B2FC-065DD30D7480}.Release|x86.Build.0 = Release|Win32
		{334F817B-7B1A-4E87-8A97-077ABE170389}.Debug|x64.ActiveCfg = Debug|x64
		{334F817B-7B1A-4E87-8A97-077ABE170389}.Debug|x64.Build.0 = Debug|x64
		{334F817B-7B1A-4E87-8A97-077ABE170389}.Debug|x86.ActiveCfg = Debug|Win32
		{334F817B-7B1A-4E87-8A97-077ABE170389}.Debug|x86.Build.0 = Debug|Win32
		{334F817B-7B1A-4E87-8A97-077ABE170389}.Release|x64.ActiveCfg = Release|x64
		{334F817B-7B1A-4E87-8A97-077ABE170389}.Release|x64.Build.0 = Release|x64
		{334F817B-7B1A-4E87-8A97-077ABE170389}.Release|x86.ActiveCfg = Release|Win32
		{334F817B-7B1A-4E87-8A97-077ABE170389}.Release|x86.Build.0 = Release|Win32
		{510EF78B-C3E2-4411-8EBD-138C0189D12D}.Debug|x64.ActiveCfg = Debug|x64
		{510EF78B-C3E2-4411-8EBD-138C0189D12D}.Debug|x64.Build.0 = Debug|x64
		{510EF78B-C3E2-4411-8EBD-138C0189D12D}.Debug|x86.ActiveCfg = Debug|Win32
		{510EF78B-C3E2-4411-8EBD-138C0189D12D}.Debug|x86.Build.0 = Debug|Win32
		{510EF78B-C3E2-4411-8EBD-138C0189D12D}.Release|x64.ActiveCfg = Release|x64
		{510EF78B-C3E2-4411-8EBD-138C0189D12D}.Release|x64.Build.0 = Release|x64
		{510EF78B-C3E2-4411-8EBD-138C0189D12D}.Release|x86.ActiveCfg = Release|Win32
		{510EF78B-C3E2-4411-8EBD-138C0189D12D}.Release|x86.Build.0 = Release|Win32
		{84EFAEF9-BE19-4B99-80C0-F6386773FA65}.Debug|x64.ActiveCfg = Debug|x64
		{84EFAEF9-BE19-4B99-80C0-F6386773FA65}.Debug|x64.Build.0 = Debug|x64
		{84EFAEF9-BE19-4B99-80C0-F6386773FA65}.Debug|x86.ActiveCfg = Debug|Win32
		{84EFAEF9-BE19-4B99-80C0-F6386773FA65}.Debug|x86.Build.0 = Debug|Win32
		{84EFAEF9-BE19-4B99-80C0-F6386773FA65}.Release|x64.ActiveCfg = Release|x64
		{84EFAEF9-BE19-4B99-80C0-F6386773FA65}.Release|x64.Build.0 = Release|x64
		{84EFAEF9-BE19-4B99-80C0-F6386773FA65}.Release|x86.ActiveCfg = Release|Win32
		{84EFAEF9-BE19-4B99-80C0-F6386773FA65}.Release|x86.Build.0 = Release|Win32
		{A847F383-74C3-4AC7-B468-CB97DC42A4F5}.Debug|x64.ActiveCfg = Debug|x64
		{A847F383-74C3-4AC7-B468-CB97DC42A4F5}.Debug|x64.Build.0 = Debug|x64
		{A847F383-74C3-4AC7-B468-CB97DC42A4F5}.Debug|x86.ActiveCfg = Debug|Win32
		{A847F383-74C3-4AC7-B468-CB97DC42A4F5}.Debug|x86.Build.0 = Debug|Win32
		{A847F383-74C3-4AC7-B468-CB97DC42A4F5}.Release|x64.ActiveCfg = Release|x64
		{A847F383-74C3-4AC7-B468-CB97DC42A4F5}.Release|x64.Build.0 = Release|x64
		{A847F383-74C3-4AC7-B468-CB97DC42A4F5}.Release|x86.ActiveCfg = Release|Win32
		{A847F383-74C3-4AC7-B468-CB97DC42A4F5}.Release|x86.Build.0 = Release|Win32
		{3804EEB4-E762-428C-A6CD-274F9DCD8AAE}.Debug|x64.ActiveCfg = Debug|x64
		{3804EEB4-E762-428C-A6CD-274F9DCD8AAE}.Debug|x64.Build.0 = Debug|x64
		{3804EEB4-E762-428C-A6CD-274F9DCD8AAE}.Debug|x86.ActiveCfg = Debug|Win32
		{3804EEB4-E762-428C-A6CD-274F9DCD8AAE}.Debug|x86.Build.0 = Debug|Win32
		{3804EEB4-E762-428C-A6CD-274F9DCD8AAE}.Release|x64.ActiveCfg = Release|x64
		{3804EEB4-E762-428C-A6CD-274F9DCD8AAE}.Release|x64.Build.0 = Release|x64
		{3804EEB4-E762-428C-A6CD-274F9DCD8AAE}.Release|x86.ActiveCfg = Release|Win32
		{3804EEB4-E762-428C-A6CD-274F9DCD8AAE}.Release|x86.Build.0 = Release|Win32
		{7F1BD050-BD7D-46F4-AB40-362A6753B11B}.Debug|x64.ActiveCfg = Debug|x64
		{7F1BD050-BD7D-46F4-AB40-362A6753B11B}.Debug|x64.Build.0 = Debug|x64
		{7F1BD050-BD7D-46F4-AB40-362A6753B11B}.Debug|x86.ActiveCfg = Debug|Win32
		{7F1BD050-BD7D-46F4-AB40-362A6753B11B}.Debug|x86.Build.0 = Debug|Win32
		{7F1BD050-BD7D-46F4-AB40-362A6753B11B}.Release|x64.ActiveCfg = Release|x64
		{7F1BD050-BD7D-46F4-AB40-362A6753B11B}.Release|x64.Build.0 = Release|x64
		{7F1BD050-BD7D-46F4-AB40-362A6753B11B}.Release|x86.ActiveCfg = Release|Win32
		{7F1BD050-BD7D-46F4-AB40-362A6753B11B}.Release|x86.Build.0 = Release|Win32
		{17FBF379-E1C6-4590-BBE5-D76AD98CF2BA}.Debug|x64.ActiveCfg = Debug|x64
		{17FBF379-E1C6-4590-BBE5-D76AD98CF2BA}.Debug|x64.Build.0 = Debug|x64
		{17FBF379-E1C6-4590-BBE5-D76AD98CF2BA}.Debug|x86.ActiveCfg = Debug|Win32
		{17FBF379-E1C6-4590-BBE5-D76AD98CF2BA}.Debug|x86.Build.0 = Debug|Win32
		{17FBF379-E1C6-4590-BBE5-D76AD98CF2BA}.Release|x64.ActiveCfg = Release|x64
		{17FBF379-E1C6-4590-BBE5-D76AD98CF2BA}.Release|x64.Build.0 = Release|x64
		{17FBF379-E1C6-4590-BBE5-D76AD98CF2BA}.Release|x86.ActiveCfg = Release|Win32
		{17FBF379-E1C6-4590-BBE5-D76AD98CF2BA}.Release|x86.Build.0 = Release|Win32
		{123CFCD5-FDAC-4F66-9FBA-990B74577409}.Debug|x64.ActiveCfg = Debug|x64
		{123CFCD5-FDAC-4F66-9FBA-990B74577409}.Debug|x64.Build.0 = Debug|x64
		{123CFCD5-FDAC-4F66-9FBA-990B74577409}.Debug|x86.ActiveCfg = Debug|Win32
		{123CFCD5-FDAC-4F66-9FBA-990B74577409}.Debug|x86.Build.0 = Debug|Win32
		{123CFCD5-FDAC-4F66-9FBA-990B74577409}.Release|x64.ActiveCfg = Release|x64
		{123CFCD5-FDAC-4F66-9FBA-990B74577409}.Release|x64.Build.0 = Release|x64
		{123CFCD5-FDAC-4F66-9FBA-990B74577409}.Release|x86.ActiveCfg = Release|Win32
		{123CFCD5-FDAC-4F66-9FBA-990B74577409}.Release|x86.Build.0 = Release|Win32
		{937F0042-99CC-4792-BF95-051CAA6128D1}.Debug|x64.ActiveCfg = Debug|x64
		{937F0042-99CC-4792-BF95-051CAA6128D1}.Debug|x64.Build.0 = Debug|x64
		{937F0042-99CC-4792-BF95-051CAA6128D1}.Debug|x86.ActiveCfg = Debug|Win32
		{937F0042-99CC-4792-BF95-051CAA6128D1}.Debug|x86.Build.0 = Debug|Win32
		{937F0042-99CC-4792-BF95-051CAA6128D1}.Release|x64.ActiveCfg = Release|x64
		{937F0042-99CC-4792-BF95-051CAA6128D1}.Release|x64.Build.0 = Release|x64
		{937F0042-99CC-4792-BF95-051CAA6128D1}.Release|x86.ActiveCfg = Release|Win32
		{937F0042-99CC-4792-BF95-051CAA6128D1}.Release|x86.Build.0 = Release|Win32
		{4648C71A-31F3-4156-AA6F-E69BB3D284B2}.Debug|x64.ActiveCfg = Debug|x64
		{4648C71A-31F3-4156-AA6F-E69BB3D284B2}.Debug|x64.Build.0 = Debug|x64
		{4648C71A-31F3-4156-AA6F-E69BB3D284B2}.Debug|x86.ActiveCfg = Debug|Win32
		{4648C71A-31F3-4156-AA6F-E69BB3D284B2}.Debug|x86.Build.0 = Debug|Win32
		{4648C71A-31F3-4156-AA6F-E69BB3D284B2}.Release|x64.ActiveCfg = Release|x64
		{4648C71A-31F3-4156-AA6F-E69BB3D284B2}.Release|x64.Build.0 = Release|x64
		{4648C71A-31F3-4156-AA6F-E69BB3D284B2}.Release|x86.ActiveCfg = Release|Win32
		{4648C71A-31F3-4156-AA6F-E69BB3D284B2}.Release|x86.Build.0 = Release|Win32
		{9343B8AB-5A43-4B41-928D-45F91E5F1A34}.Debug|x64.ActiveCfg = Debug|x64
		{9343B8AB-5A43-4B41-928D-45F91E5F1A34}.Debug|x64.Build.0 = Debug|x64
		{9343B8AB-5A43-4B41-928D-45F91E5F1A34}.Debug|x86.ActiveCfg = Debug|Win32
		{9343B8AB-5A43-4B41-928D-45F91E5F1A34}.Debug|x86.Build.0 = Debug|Win32
		{9343B8AB-5A43-4B41-928D-45F91E5F1A34}.Release|x64.ActiveCfg = Release|x64
		{9343B8AB-5A43-4B41-928D-45F91E5F1A34}.Release|x64.Build.0 = Release|x64
		{9343B8AB-5A43-4B41-928D-45F91E5F1A34}.Release|x86.ActiveCfg = Release|Win32
		{9343B8AB-5A43-4B41-928D-45F91E5F1A34}.Release|x86.Build.0 = Release|Win32
		{46A6EA27-9031-4F72-B9ED-4365086F1919}.Debug|x64.ActiveCfg = Debug|x64
		{46A6EA27-9031-4F72-B9ED-4365086F1919}.Debug|x64.Build.0 = Debug|x64
		{46A6EA27-9031-4F72-B9ED-4365086F1919}.Debug|x86.ActiveCfg = Debug|Win32
		{46A6EA27-9031-4F72-B9ED-4365086F1919}.Debug|x86.Build.0 = Debug|Win32
		{46A6EA27-9031-4F72-B9ED-4365086F1919}.Release|x64.ActiveCfg = Release|x64
		{46A6EA27-9031-4F72-B9ED-4365086F1919}.Release|x64.Build.0 = Release|x64
		{46A6EA27-9031-4F72-B9ED-4365086F1919}.Release|x86.ActiveCfg = Release|Win32
		{46A6EA27-9031-4F72-B9ED-4365086F1919}.Release|x86.Build.0 = Release|Win32
		{5B7EDA28-4E67-450E-8E25-07A6A73B17C3}.Debug|x64.ActiveCfg = Debug|x64
		{5B7EDA28-4E67-450E-8E25-07A6A73B17C3}.Debug|x64.Build.0 = Debug|x64
		{5B7EDA28-4E67-450E-8E25-07A6A73B17C3}.Debug|x86.ActiveCfg = Debug|Win32
		{5B7EDA28-4E67-450E-8E25-07A6A73B17C3}.Debug|x86.Build.0 = Debug|Win32
		{5B7EDA28-4E67-450E-8E25-07A6A73B17C3}.Release|x64.ActiveCfg = Release|x64
		{5B7EDA28-4E67-450E-8E25-07A6A73B17C3}.Release|x64.Build.0 = Release|x64
		{5B7EDA28-4E67-450E-8E25-07A6A73B17C3}.Release|x86.ActiveCfg = Release|Win32
		{5B7EDA28-4E67-450E-8E25-07A6A73B17C3}.Release|x86.Build.0 = Release|Win32
		{4F67823B-CCD4-4823-90E4-350F11B63561}.Debug|x64.ActiveCfg = Debug|x64
		{4F67823B-CCD4-4823-90E4-350F11B63561}.Debug|x64.Build.0 = Debug|x64
		{4F67823B-CCD4-4823-90E4-350F11B63561}.Debug|x86.ActiveCfg = Debug|Win32
		{4F67823B-CCD4-4823-90E4-350F11B63561}.Debug|x86.Build.0 = Debug|Win32
		{4F67823B-CCD4-4823-90E4-350F11B63561}.Release|x64.ActiveCfg = Release|x64
		{4F67823B-CCD4-4823-90E4-350F11B63561}.Release|x64.Build.0 = Release|x64
		{4F67823B-CCD4-4823-90E4-350F11B63561}.Release|x86.ActiveCfg = Release|Win32
		{4F67823B-CCD4-4823-90E4-350F11B63561}.Release|x86.Build.0 = Release|Win32
		{CCA1291D-C4D2-437A-93FC-583FC00EDD2E}.Debug|x64.ActiveCfg = Debug|x64
		{CCA1291D-C4D2-437A-93FC-583FC00EDD2E}.Debug|x64.Build.0 = Debug|x64
		{CCA1291D-C4D2-437A-93FC-583FC00EDD2E}.Debug|x86.ActiveCfg = Debug|Win32
		{CCA1291D-C4D2-437A-93FC-583FC00EDD2E}.Debug|x86.Build.0 = Debug|Win32
		{CCA1291D-C4D2-437A-93FC-583FC00EDD2E}.Release|x64.ActiveCfg = Release|x64
		{CCA1291D-C4D2-437A-93FC-583FC00EDD2E}.Release|x64.Build.0 = Release|x64
		{CCA1291D-C4D2-437A-93FC-583FC00EDD2E}.Release|x86.ActiveCfg = Release|Win32
		{CCA1291D-C4D2-437A-93FC-583FC00EDD2E}.Release|x86.Build.0 = Release|Win32
		{D6AB9F65-CD09-4697-814C-14FC9193ABF4}.Debug|x64.ActiveCfg = Debug|x64
		{D6AB9F65-CD09-4697-814C-14FC9193ABF4}.Debug|x64.Build.0 = Debug|x64
		{D6AB9F65-CD09-4697-814C-14FC9193ABF4}.Debug|x86.ActiveCfg = Debug|Win32
		{D6AB9F65-CD09-4697-814C-14FC9193ABF4}.Debug|x86.Build.0 = Debug|Win32
		{D6AB9F65-CD09-4697-814C-14FC9193ABF4}.Release|x64.ActiveCfg = Release|x64
		{D6AB9F65-CD09-4697-814C-14FC9193ABF4}.Release|x64.Build.0 = Release|x64
		{D6AB9F65-CD09-4697-814C-14FC9193ABF4}.Release|x86.ActiveCfg = Release|Win32
		{D6AB9F65-CD09-4697-814C-14FC9193ABF4}.Release|x86.Build.0 = Release|Win32
		{FA73C939-1683-435C-8CB7-FBCD24166A74}.Debug|x64.ActiveCfg = Debug|x64
		{FA73C939-1683-435C-8CB7-FBCD24166A74}.Debug|x64.Build.0 = Debug|x64
		{FA73C939-1683-435C-8CB7-FBCD24166A74}.Debug|x86.ActiveCfg = Debug|Win32
		{FA73C939-1683-435C-8CB7-FBCD24166A74}.Debug|x86.Build.0 = Debug|Win32
		{FA73C939-1683-435C-8CB7-FBCD24166A74}.Release|x64.ActiveCfg = Release|x64
		{FA73C939-1683-435C-8CB7-FBCD24166A74}.Release|x64.Build.0 = Release|x64
		{FA73C939-1683-435C-8CB7-FBCD24166A74}.Release|x86.ActiveCfg = Release|Win32
		{FA73C939-1683-435C-8CB7-FBCD24166A74}.Release|x86.Build.0 = Release|Win32
		{0B54C547-218E-4A7F-AC9F-7EBA3B327EC3}.Debug|x64.ActiveCfg = Debug|x64
		{0B54C547-218E-4A7F-AC9F-7EBA3B327EC3}.Debug|x64.Build.0 = Debug|x64
		{0B54C547-218E-4A7F-AC9F-7EBA3B327EC3}.Debug|x86.ActiveCfg = Debug|Win32
		{0B54C547-218E-4A7F-AC9F-7EBA3B327EC3}.Debug|x86.Build.0 = Debug|Win32
		{0B54C547-218E-4A7F-AC9F-7EBA3B327EC3}.Release|x64.ActiveCfg = Release|x64
		{0B54C547-218E-4A7F-AC9F-7EBA3B327EC3}.Release|x64.Build.0 = Release|x64
		{0B54C547-218E-4A7F-AC9F-7EBA3B327EC3}.Release|x86.ActiveCfg = Release|Win32
		{0B54C547-218E-4A7F-AC9F-7EBA3B327EC3}.Release|x86.Build.0 = Release|Win32
		{CF91EB36-CEEE-43C4-8030-0EF29172ED73}.Debug|x64.ActiveCfg = Debug|x64
		{CF91EB36-CEEE-43C4-8030-0EF29172ED73}.Debug|x64.Build.0 = Debug|x64
		{CF91EB36-CEEE-43C4-8030-0EF29172ED73}.Debug|x86.ActiveCfg = Debug|Win32
		{CF91EB36-CEEE-43C4-8030-0EF29172ED73}.Debug|x86.Build.0 = Debug|Win32
		{CF91EB36-CEEE-43C4-8030-0EF29172ED73}.Release|x64.ActiveCfg = Release|x64
		{CF91EB36-CEEE-43C4-8030-0EF29172ED73}.Release|x64.Build.0 = Release|x64
		{CF91EB36-CEEE-43C4-8030-0EF29172ED73}.Release|x86.ActiveCfg = Release|Win32
		{CF91EB36-CEEE-43C4-8030-0EF29172ED73}.Release|x86.Build.0 = Release|Win32
		{CC74BD5D-28DB-4B44-8B40-5616D4912A19}.Debug|x64.ActiveCfg = Debug|x64
		{CC74BD5D-28DB-4B44-8B40-5616D4912A19}.Debug|x64.Build.0 = Debug|x64
		{CC74BD5D-28DB-4B44-8B40-5616D4912A19}.Debug|x86.ActiveCfg = Debug|Win32
		{CC74BD5D-28DB-4B44-8B40-5616D4912A19}.Debug|x86.Build.0 = Debug|Win32
		{CC74BD5D-28DB-4B44-8B40-5616D4912A19}.Release|x64.ActiveCfg = Release|x64
		{CC74BD5D-28DB-4B44-8B40-5616D4912A19}.Release|x64.Build.0 = Release|x64
		{CC74BD5D-28DB-4B44-8B40-5616D4912A19}.Release|x86.ActiveCfg = Release|Win32
		{CC74BD5D-28DB-4B44-8B40-5616D4912A19}.Release|x86.Build.0 = Release|Win32
		{3B838022-FB2F-4760-AAE4-C5F57E0E6E30}.Debug|x64.ActiveCfg = Debug|x64
		{3B838022-FB2F-4760-AAE4-C5F57E0E6E30}.Debug|x64.Build.0 = Debug|x64
		{3B838022-FB2F-4760-AAE4-C5F57E0E6E30}.Debug|x86.ActiveCfg = Debug|Win32
		{3B838022-FB2F-4760-AAE4-C5F57E0E6E30}.Debug|x86.Build.0 = Debug|Win32
		{3B838022-FB2F-4760-AAE4-C5F57E0E6E30}.Release|x64.ActiveCfg = Release|x64
		{3B838022-FB2F-4760-AAE4-C5F57E0E6E30}.Release|x64.Build.0 = Release|x64
		{3B838022-FB2F-4760-AAE4-C5F57E0E6E30}.Release|x86.ActiveCfg = Release|Win32
		{3B838022-FB2F-4760-AAE4-C5F57E0E6E30}.Release|x86.Build.0 = Release|Win32
		{B9EF2FD6-AE92-42DE-9943-08DAE1DEA14D}.Debug|x64.ActiveCfg = Debug|x64
		{B9EF2FD6-AE92-42DE-9943-08DAE1DEA14D}.Debug|x64.Build.0 = Debug|x64
		{B9EF2FD6-AE92-42DE-9943-08DAE1DEA14D}.Debug|x86.ActiveCfg = Debug|Win32
		{B9EF2FD6-AE92-42DE-9943-08DAE1DEA14D}.Debug|x86.Build.0 = Debug|Win32
		{B9EF2FD6-AE92-42DE-9943-08DAE1DEA14D}.Release|x64.ActiveCfg = Release|x64
		{B9EF2FD6-AE92-42DE-9943-08DAE1DEA14D}.Release|x64.Build.0 = Release|x64
		{B9EF2FD6-AE92-42DE-9943-08DAE1DEA14D}.Release|x86.ActiveCfg = Release|Win32
		{B9EF2FD6-AE92-42DE-9943-08DAE1DEA14D}.Release|x86.Build.0 = Release|Win32
		{F2927352-D348-4E37-8278-A6E9627FCBAA}.Debug|x64.ActiveCfg = Debug|x64
		{F2927352-D348-4E37-8278-A6E9627FCBAA}.Debug|x64.Build.0 = Debug|x64
		{F2927352-D348-4E37-8278-A6E9627FCBAA}.Debug|x86.ActiveCfg = Debug|Win32
		{F2927352-D348-4E37-8278-A6E9627FCBAA}.Debug|x86.Build.0 = Debug|Win32
		{F2927352-D348-4E37-8278-A6E9627FCBAA}.Release|x64.ActiveCfg = Release|x64
		{F2927352-D348-4E37-8278-A6E9627FCBAA}.Release|x64.Build.0 = Release|x64
		{F2927352-D348-4E37-8278-A6E9627FCBAA}.Release|x86.ActiveCfg = Release|Win32
		{F2927352-D348-4E37-8278-A6E9627FCBAA}.Release|x86.Build.0 = Release|Win32
		{A6957E46-067A-495E-9E01-4B2AE497BDB6}.Debug|x64.ActiveCfg = Debug|x64
		{A6957E46-067A-495E-9E01-4B2AE497BDB6}.Debug|x64.Build.0 = Debug|x64
		{A6957E46-067A-495E-9E01-4B2AE497BDB6}.Debug|x86.ActiveCfg = Debug|Win32
		{A6957E46-067A-495E-9E01-4B2AE497BDB6}.Debug|x86.Build.0 = Debug|Win32
		{A6957E46-067A-495E-9E01-4B2AE497BDB6}.Release|x64.ActiveCfg = Release|x64
		{A6957E46-067A-495E-9E01-4B2AE497BDB6}.Release|x64.Build.0 = Release|x64
		{A6957E46-067A-495E-9E01-4B2AE497BDB6}.Release|x86.ActiveCfg = Release|Win32
		{A6957E46-067A-495E-9E01-4B2AE497BDB6}.Release|x86.Build.0 = Release|Win32
		{9DAAFA46-A990-4844-86AB-B619AC60D87D}.Debug|x64.ActiveCfg = Debug|x64
		{9DAAFA46-A990-4844-86AB-B619AC60D87D}.Debug|x64.Build.0 = Debug|x64
		{9DAAFA46-A990-4844-86AB-B619AC60D87D}.Debug|x86.ActiveCfg = Debug|Win32
		{9DAAFA46-A990-4844-86AB-B619AC60D87D}.Debug|x86.Build.0 = Debug|Win32
		{9DAAFA46-A990-4844-86AB-B619AC60D87D}.Release|x64.ActiveCfg = Release|x64
		{9DAAFA46-A990-4844-86AB-B619AC60D87D}.Release|x64.Build.0 = Release|x64
		{9DAAFA46-A990-4844-86AB-B619AC60D87D}.Release|x86.ActiveCfg = Release|Win32
		{9DAAFA46-A990-4844-86AB-B619AC60D87D}.Release|x86.Build.0 = Release|Win32
		{65DD3DCA-A7F7-41A2-9617-B5583B643971}.Debug|x64.ActiveCfg = Debug|x64
		{65DD3DCA-A7F7-41A2-9617-B5583B643971}.Debug|x64.Build.0 = Debug|x64
		{65DD3DCA-A7F7-41A2-9617-B5583B643971}.Debug|x86.ActiveCfg = Debug|Win32
		{65DD3DCA-A7F7-41A2-9617-B5583B643971}.Debug|x86.Build.0 = Debug|Win32
		{65DD3DCA-A7F7-41A2-9617-B5583B643971}.Release|x64.ActiveCfg = Release|x64
		{65DD3DCA-A7F7-41A2-9617-B5583B643971}.Release|x64.Build.0 = Release|x64
		{65DD3DCA-A7F7-41A2-9617-B5583B643971}.Release|x86.ActiveCfg = Release|Win32
		{65DD3DCA-A7F7-41A2-9617-B5583B643971}.Release|x86.Build.0 = Release|Win32
		{37B998A4-5359-424D-BBC1-0516BBBF84EA}.Debug|x64.ActiveCfg = Debug|x64
		{37B998A4-5359-424D-BBC1-0516BBBF84EA}.Debug|x64.Build.0 = Debug|x64
		{37B998A4-5359-424D-BBC1-0516BBBF84EA}.Debug|x86.ActiveCfg = Debug|Win32
		{37B998A4-5359-424D-BBC1-0516BBBF84EA}.Debug|x86.Build.0 = Debug|Win32
		{37B998A4-5359-424D-BBC1-0516BBBF84EA}.Release|x64.ActiveCfg = Release|x64
		{37B998A4-5359-424D-BBC1-0516BBBF84EA}.Release|x64.Build.0 = Release|x64
		{37B998A4-5359-424D-BBC1-0516BBBF84EA}.Release|x86.ActiveCfg = Release|Win32
		{37B998A4-5359-424D-BBC1-0516BBBF84EA}.Release|x86.Build.0 = Release|Win32
		{1A635DC8-4162-4709-AFEB-6859B02BDEA7}.Debug|x64.ActiveCfg = Debug|x64
		{1A635DC8-4162-4709-AFEB-6859B02BDEA7}.Debug|x64.Build.0 = Debug|x64
		{1A635DC8-4162-4709-AFEB-6859B02BDEA7}.Debug|x86.ActiveCfg = Debug|Win32
		{1A635DC8-4162-4709-AFEB-6859B02BDEA7}.Debug|x86.Build.0 = Debug|Win32
		{1A635DC8-4162-4709-AFEB-6859B02BDEA7}.Release|x64.ActiveCfg = Release|x64
		{1A635DC8-4162-4709-AFEB-6859B02BDEA7}.Release|x64.Build.0 = Release|x64
		{1A635DC8-4162-4709-AFEB-6859B02BDEA7}.Release|x86.ActiveCfg = Release|Win32
		{1A635DC8-4162-4709-AFEB-6859B02BDEA7}.Release|x86.Build.0 = Release|Win32
		{427698C8-C712-409A-B577-6F9511D89BE1}.Debug|x64.ActiveCfg = Debug|x64
		{427698C8-C712-409A-B577-6F9511D89BE1}.Debug|x64.Build.0 = Debug|x64
		{427698C8-C712-409A-B577-6F9511D89BE1}.Debug|x86.ActiveCfg = Debug|Win32
		{427698C8-C712-409A-B577-6F9511D89BE1}.Debug|x86.Build.0 = Debug|Win32
		{427698C8-C712-409A-B577-6F9511D89BE1}.Release|x64.ActiveCfg = Release|x64
		{427698C8-C712-409A-B577-6F9511D89BE1}.Release|x64.Build.0 = Release|x64
		{427698C8-C712-409A-B577-6F9511D89BE1}.Release|x86.ActiveCfg = Release|Win32
		{427698C8-C712-409A-B577-6F9511D89BE1}.Release|x86.Build.0 = Release|Win32
		{5243EDC0-B681-453E-9C56-1C6D966D0025}.Debug|x64.ActiveCfg = Debug|x64
		{5243EDC0-B681-453E-9C56-1C6D966D0025}.Debug|x64.Build.0 = Debug|x64
		{5243EDC0-B681-453E-9C56-1C6D966D0025}.Debug|x86.ActiveCfg = Debug|Win32
		{5243EDC0-B681-453E-9C56-1C6D966D0025}.Debug|x86.Build.0 = Debug|Win32
		{5243EDC0-B681-453E-9C56-1C6D966D0025}.Release|x64.ActiveCfg = Release|x64
		{5243EDC0-B681-453E-9C56-1C6D966D0025}.Release|x64.Build.0 = Release|x64
		{5243EDC0-B681-453E-9C56-1C6D966D0025}.Release|x86.ActiveCfg = Release|Win32
		{5243EDC0-B681-453E-9C56-1C6D966D0025}.Release|x86.Build.0 = Release|Win32
		{F63B080C-D878-4708-8975-EBF15F855155}.Debug|x64.ActiveCfg = Debug|x64
		{F63B080C-D878-4708-8975-EBF15F855155}.Debug|x64.Build.0 = Debug|x64
		{F63B080C-D878-4708-8975-EBF15F855155}.Debug|x86.ActiveCfg = Debug|Win32
		{F63B080C-D878-4708-8975-EBF15F855155}.Debug|x86.Build.0 = Debug|Win32
		{F63B080C-D878-4708-8975-EBF15F855155}.Release|x64.ActiveCfg = Release|x64
		{F63B080C-D878-4708-8975-EBF15F855155}.Release|x64.Build.0 = Release|x64
		{F63B080C-D878-4708-8975-EBF15F855155}.Release|x86.ActiveCfg = Release|Win32
		{F63B080C-D878-4708-8975-EBF15F855155}.Release|x86.Build.0 = Release|Win32
		{D8D93EE1-7832-4CC6-9CD0-3F75E166DCBE}.Debug|x64.ActiveCfg = Debug|x64
		{D8D93EE1-7832-4CC6-9CD0-3F75E166DCBE}.Debug|x64.Build.0 = Debug|x64
		{D8D93EE1-7832-4CC6-9CD0-3F75E166DCBE}.Debug|x86.ActiveCfg = Debug|Win32
		{D8D93EE1-7832-4CC6-9CD0-3F75E166DCBE}.Debug|x86.Build.0 = Debug|Win32
		{D8D93EE1-7832-4CC6-9CD0-3F75E166DCBE}.Release|x64.ActiveCfg = Release|x64
		{D8D93EE1-7832-4CC6-9CD0-3F75E166DCBE}.Release|x64.Build.0 = Release|x64
		{D8D93EE1-7832-4CC6-9CD0-3F75E166DCBE}.Release|x86.ActiveCfg = Release|Win32
		{D8D93EE1-7832-4CC6-9CD0-3F75E166DCBE}.Release|x86.Build.0 = Release|Win32
		{96FF1142-6342-4D1C-A16F-3334D3196563}.Debug|x64.ActiveCfg = Debug|x64
		{96FF1142-6342-4D1C-A16F-3334D3196563}.Debug|x64.Build.0 = Debug|x64
		{96FF1142-6342-4D1C-A16F-3334D3196563}.Debug|x86.ActiveCfg = Debug|Win32
		{96FF1142-6342-4D1C-A16F-3334D3196563}.Debug|x86.Build.0 = Debug|Win32
		{96FF1142-6342-4D1C-A16F-3334D3196563}.Release|x64.ActiveCfg = Release|x64
		{96FF1142-6342-4D1C-A16F-3334D3196563}.Release|x64.Build.0 = Release|x64
		{96FF1142-6342-4D1C-A16F-3334D3196563}.Release|x86.ActiveCfg = Release|Win32
		{96FF1142-6342-4D1C-A16F-3334D3196563}.Release|x86.Build.0 = Release|Win32
		{EC792B05-0479-4B36-A203-2D32C6DC7293}.Debug|x64.ActiveCfg = Debug|x64
		{EC792B05-0479-4B36-A203-2D32C6DC7293}.Debug|x64.Build.0 = Debug|x64
		{EC792B05-0479-4B36-A203-2D32C6DC7293}.Debug|x86.ActiveCfg = Debug|Win32
		{EC792B05-0479-4B36-A203-2D32C6DC7293}.Debug|x86.Build.0 = Debug|Win32
		{EC792B05-0479-4B36-A203-2D32C6DC7293}.Release|x64.ActiveCfg = Release|x64
		{EC792B05-0479-4B36-A203-2D32C6DC7293}.Release|x64.Build.0 = Release|x64
		{EC792B05-0479-4B36-A203-2D32C6DC7293}.Release|x86.ActiveCfg = Release|Win32
		{EC792B05-0479-4B36-A203-2D32C6DC7293}.Release|x86.Build.0 = Release|Win32
		{18C1A7A7-8F79-49EA-8361-5FDB331742E9}.Debug|x64.ActiveCfg = Debug|x64
		{18C1A7A7-8F79-49EA-8361-5FDB331742E9}.Debug|x64.Build.0 = Debug|x64
		{18C1A7A7-8F79-49EA-8361-5FDB331742E9}.Debug|x86.ActiveCfg = Debug|Win32
		{18C1A7A7-8F79-49EA-8361-5FDB331742E9}.Debug|x86.Build.0 = Debug|Win32
		{18C1A7A7-8F79-49EA-8361-5FDB331742E9}.Release|x64.ActiveCfg = Release|x64
		{18C1A7A7-8F79-49EA-8361-5FDB331742E9}.Release|x64.Build.0 = Release|x64
		{18C1A7A7-8F79-49EA-8361-5FDB331742E9}.Release|x86.ActiveCfg = Release|Win32
		{18C1A7A7-8F79-49EA-8361-5FDB331742E9}.Release|x86.Build.0 = Release|Win32
		{36BBE935-ABB5-4717-B573-3CCAA8624CB0}.Debug|x64.ActiveCfg = Debug|x64
		{36BBE935-ABB5-4717-B573-3CCAA8624CB0}.Debug|x64.Build.0 = Debug|x64
		{36BBE935-ABB5-4717-B573-3CCAA8624CB0}.Debug|x86.ActiveCfg = Debug|Win32
		{36BBE935-ABB5-4717-B573-3CCAA8624CB0}.Debug|x86.Build.0 = Debug|Win32
		{36BBE935-ABB5-4717-B573-3CCAA8624CB0}.Release|x64.ActiveCfg = Release|x64
		{36BBE935-ABB5-4717-B573-3CCAA8624CB0}.Release|x64.Build.0 = Release|x64
		{36BBE935-ABB5-4717-B573-3CCAA8624CB0}.Release|x86.ActiveCfg = Release|Win32
		{36BBE935-ABB5-4717-B573-3CCAA8624CB0}.Release|x86.Build.0 = Release|Win32
		{AB87F726-9342-4151-A8BB-B29BA2BFB877}.Debug|x64.ActiveCfg = Debug|x64
		{AB87F726-9342-4151-A8BB-B29BA2BFB877}.Debug|x64.Build.0 = Debug|x64
		{AB87F726-9342-4151-A8BB-B29BA2BFB877}.Debug|x86.ActiveCfg = Debug|Win32
		{AB87F726-9342-4151-A8BB-B29BA2BFB877}.Debug|x86.Build.0 = Debug|Win32
		{AB87F726-9342-4151-A8BB-B29BA2BFB877}.Release|x64.ActiveCfg = Release|x64
		{AB87F726-9342-4151-A8BB-B29BA2BFB877}.Release|x64.Build.0 = Release|x64
		{AB87F726-9342-4151-A8BB-B29BA2BFB877}.Release|x86.ActiveCfg = Release|Win32
		{AB87F726-9342-4151-A8BB-B29BA2BFB877}.Release|x86.Build.0 = Release|Win32
		{D00D99BA-79EE-4298-A1B5-B5F5DBF19C89}.Debug|x64.ActiveCfg = Debug|x64
		{D00D99BA-79EE-4298-A1B5-B5F5DBF19C89}.Debug|x64.Build.0 = Debug|x64
		{D00D99BA-79EE-4298-A1B5-B5F5DBF19C89}.Debug|x86.ActiveCfg = Debug|Win32
		{D00D99BA-79EE-4298-A1B5-B5F5DBF19C89}.Debug|x86.Build.0 = Debug|Win32
		{D00D99BA-79EE-4298-A1B5-B5F5DBF19C89}.Release|x64.ActiveCfg = Release|x64
		{D00D99BA-79EE-4298-A1B5-B5F5DBF19C89}.Release|x64.Build.0 = Release|x64
		{D00D99BA-79EE-4298-A1B5-B5F5DBF19C89}.Release|x86.ActiveCfg = Release|Win32
		{D00D99BA-79EE-4298-A1B5-B5F5DBF19C89}.Release|x86.Build.0 = Release|Win32
		{847A0CDD-4CCD-4E13-A2CB-9F9DE559EDFD}.Debug|x64.ActiveCfg = Debug|x64
		{847A0CDD-4CCD-4E13-A2CB-9F9DE559EDFD}.Debug|x64.Build.0 = Debug|x64
		{847A0CDD-4CCD-4E13-A2CB-9F9DE559EDFD}.Debug|x86.ActiveCfg = Debug|Win32
		{847A0CDD-4CCD-4E13-A2CB-9F9DE559EDFD}.Debug|x86.Build.0 = Debug|Win32
		{847A0CDD-4CCD-4E13-A2CB-9F9DE559EDFD}.Release|x64.ActiveCfg = Release|x64
		{847A0CDD-4CCD-4E13-A2CB-9F9DE559EDFD}.Release|x64.Build.0 = Release|x64
		{847A0CDD-4CCD-4E13-A2CB-9F9DE559EDFD}.Release|x86.ActiveCfg = Release|Win32
		{847A0CDD-4CCD-4E13-A2CB-9F9DE559EDFD}.Release|x86.Build.0 = Release|Win32
		{252941BB-4EDE-4EF4-8778-C2C1F4514773}.Debug|x64.ActiveCfg = Debug|x64
		{252941BB-4EDE-4EF4-8778-C2C1F4514773}.Debug|x64.Build.0 = Debug|x64
		{252941BB-4EDE-4EF4-8778-C2C1F4514773}.Debug|x86.ActiveCfg = Debug|Win32
		{252941BB-4EDE-4EF4-8778-C2C1F4514773}.Debug|x86.Build.0 = Debug|Win32
		{252941BB-4EDE-4EF4-8778-C2C1F4514773}.Release|x64.ActiveCfg = Release|x64
		{252941BB-4EDE-4EF4-8778-C2C1F4514773}.Release|x64.Build.0 = Release|x64
		{252941BB-4EDE-4EF4-8778-C2C1F4514773}.Release|x86.ActiveCfg = Release|Win32
		{252941BB-4EDE-4EF4-8778-C2C1F4514773}.Release|x86.Build.0 = Release|Win32
		{BF0CC476-0754-4E3D-B86F-94FBF6E5251F}.Debug|x64.ActiveCfg = Debug|x64
		{BF0CC476-0754-4E3D-B86F-94FBF6E5251F}.Debug|x64.Build.0 = Debug|x64
		{BF0CC476-0754-4E3D-B86F-94FBF6E5251F}.Debug|x86.ActiveCfg = Debug|Win32
		{BF0CC476-0754-4E3D-B86F-94FBF6E5251F}.Debug|x86.Build.0 = Debug|Win32
		{BF0CC476-0754-4E3D-B86F-94FBF6E5251F}.Release|x64.ActiveCfg = Release|x64
		{BF0CC476-0754-4E3D-B86F-94FBF6E5251F}.Release|x64.Build.0 = Release|x64
		{BF0CC476-0754-4E3D-B86F-94FBF6E5251F}.Release|x86.ActiveCfg = Release|Win32
		{BF0CC476-0754-4E3D-B86F-94FBF6E5251F}.Release|x86.Build.0 = Release|Win32
		{C4FF4EBC-39F2-4F8A-AB8E-9FEE778D92EB}.Debug|x64.ActiveCfg = Debug|x64
		{C4FF4EBC-39F2-4F8A-AB8E-9FEE778D92EB}.Debug|x64.Build.0 = Debug|x64
		{C4FF4EBC-39F2-4F8A-AB8E-9FEE778D92EB}.Debug|x86.ActiveCfg = Debug|Win32
		{C4FF4EBC-39F2-4F8A-AB8E-9FEE778D92EB}.Debug|x86.Build.0 = Debug|Win32
		{C4FF4EBC-39F2-4F8A-AB8E-9FEE778D92EB}.Release|x64.ActiveCfg = Release|x64
		{C4FF4EBC-39F2-4F8A-AB8E-9FEE778D92EB}.Release|x64.Build.0 = Release|x64
		{C4FF4EBC-39F2-4F8A-AB8E-9FEE778D92EB}.Release|x86.ActiveCfg = Release|Win32
		{C4FF4EBC-39F2-4F8A-AB8E-9FEE778D92EB}.Release|x86.Build.0 = Release|Win32
		{24CC8157-DDFE-4218-B898-B2926EF5AFC9}.Debug|x64.ActiveCfg = Debug|x64
		{24CC8157-DDFE-4218-B898-B2926EF5AFC9}.Debug|x64.Build.0 = Debug|x64
		{24CC8157-DDFE-4218-B898-B2926EF5AFC9}.Debug|x86.ActiveCfg = Debug|Win32
		{24CC8157-DDFE-4218-B898-B2926EF5AFC9}.Debug|x86.Build.0 = Debug|Win32
		{24CC8157-DDFE-4218-B898-B2926EF5AFC9}.Release|x64.ActiveCfg = Release|x64
		{24CC8157-DDFE-4218-B898-B2926EF5AFC9}.Release|x64.Build.0 = Release|x64
		{24CC8157-DDFE-4218-B898-B2926EF5AFC9}.Release|x86.ActiveCfg = Release|Win32
		{24CC8157-DDFE-4218-B898-B2926EF5AFC9}.Release|x86.Build.0 = Release|Win32
		{6B4E5191-96EF-4A72-A921-63FB91ABD4E6}.Debug|x64.ActiveCfg = Debug|x64
		{6B4E5191-96EF-4A72-A921-63FB91ABD4E6}.Debug|x64.Build.0 = Debug|x64
		{6B4E5191-96EF-4A72-A921-63FB91ABD4E6}.Debug|x86.ActiveCfg = Debug|Win32
		{6B4E5191-96EF-4A72-A921-63FB91ABD4E6}.Debug|x86.Build.0 = Debug|Win32
		{6B4E5191-96EF-4A72-A921-63FB91ABD4E6}.Release|x64.ActiveCfg = Release|x64
		{6B4E5191-96EF-4A72-A921-63FB91ABD4E6}.Release|x64.Build.0 = Release|x64
		{6B4E5191-96EF-4A72-A921-63FB91ABD4E6}.Release|x86.ActiveCfg = Release|Win32
		{6B4E5191-96EF-4A72-A921-63FB91ABD4E6}.Release|x86.Build.0 = Release|Win32
		{E4D8D922-2CCB-4594-B973-AF54D84CA94F}.Debug|x64.ActiveCfg = Debug|x64
		{E4D8D922-2CCB-4594-B973-AF54D84CA94F}.Debug|x64.Build.0 = Debug|x64
		{E4D8D922-2CCB-4594-B973-AF54D84CA94F}.Debug|x86.ActiveCfg = Debug|Win32
		{E4D8D922-2CCB-4594-B973-AF54D84CA94F}.Debug|x86.Build.0 = Debug|Win32
		{E4D8D922-2CCB-4594-B973-AF54D84CA94F}.Release|x64.ActiveCfg = Release|x64
		{E4D8D922-2CCB-4594-B973-AF54D84CA94F}.Release|x64.Build.0 = Release|x64
		{E4D8D922-2CCB-4594-B973-AF54D84CA94F}.Release|x86.ActiveCfg = Release|Win32
		{E4D8D922-2CCB-4594-B973-AF54D84CA94F}.Release|x86.Build.0 = Release|Win32
	EndGlobalSection
	GlobalSection(SolutionProperties) = preSolution
		HideSolutionNode = FALSE
	EndGlobalSection
EndGlobal
